lockfileVersion: 5.3

specifiers:
  cheerio: ^1.0.0-rc.10
  fs-extra: ^10.0.0

dependencies:
  cheerio: 1.0.0-rc.10
  fs-extra: 10.0.0

packages:

  /boolbase/1.0.0:
    resolution: {integrity: sha1-aN/1++YMUes3cl6p4+0xDcwed24=}
    dev: false

  /cheerio-select/1.5.0:
    resolution: {integrity: sha512-qocaHPv5ypefh6YNxvnbABM07KMxExbtbfuJoIie3iZXX1ERwYmJcIiRrr9H05ucQP1k28dav8rpdDgjQd8drg==}
    dependencies:
      css-select: 4.1.3
      css-what: 5.1.0
      domelementtype: 2.2.0
      domhandler: 4.3.0
      domutils: 2.8.0
    dev: false

  /cheerio/1.0.0-rc.10:
    resolution: {integrity: sha512-g0J0q/O6mW8z5zxQ3A8E8J1hUgp4SMOvEoW/x84OwyHKe/Zccz83PVT4y5Crcr530FV6NgmKI1qvGTKVl9XXVw==}
    engines: {node: '>= 6'}
    dependencies:
      cheerio-select: 1.5.0
      dom-serializer: 1.3.2
      domhandler: 4.3.0
      htmlparser2: 6.1.0
      parse5: 6.0.1
      parse5-htmlparser2-tree-adapter: 6.0.1
      tslib: 2.3.1
    dev: false

  /css-select/4.1.3:
    resolution: {integrity: sha512-gT3wBNd9Nj49rAbmtFHj1cljIAOLYSX1nZ8CB7TBO3INYckygm5B7LISU/szY//YmdiSLbJvDLOx9VnMVpMBxA==}
    dependencies:
      boolbase: 1.0.0
      css-what: 5.1.0
      domhandler: 4.3.0
      domutils: 2.8.0
      nth-check: 2.0.1
    dev: false

  /css-what/5.1.0:
    resolution: {integrity: sha512-arSMRWIIFY0hV8pIxZMEfmMI47Wj3R/aWpZDDxWYCPEiOMv6tfOrnpDtgxBYPEQD4V0Y/958+1TdC3iWTFcUPw==}
    engines: {node: '>= 6'}
    dev: false

  /dom-serializer/1.3.2:
    resolution: {integrity: sha512-5c54Bk5Dw4qAxNOI1pFEizPSjVsx5+bpJKmL2kPn8JhBUq2q09tTCa3mjijun2NfK78NMouDYNMBkOrPZiS+ig==}
    dependencies:
      domelementtype: 2.2.0
      domhandler: 4.3.0
      entities: 2.2.0
    dev: false

  /domelementtype/2.2.0:
    resolution: {integrity: sha512-DtBMo82pv1dFtUmHyr48beiuq792Sxohr+8Hm9zoxklYPfa6n0Z3Byjj2IV7bmr2IyqClnqEQhfgHJJ5QF0R5A==}
    dev: false

  /domhandler/4.3.0:
    resolution: {integrity: sha512-fC0aXNQXqKSFTr2wDNZDhsEYjCiYsDWl3D01kwt25hm1YIPyDGHvvi3rw+PLqHAl/m71MaiF7d5zvBr0p5UB2g==}
    engines: {node: '>= 4'}
    dependencies:
      domelementtype: 2.2.0
    dev: false

  /domutils/2.8.0:
    resolution: {integrity: sha512-w96Cjofp72M5IIhpjgobBimYEfoPjx1Vx0BSX9P30WBdZW2WIKU0T1Bd0kz2eNZ9ikjKgHbEyKx8BB6H1L3h3A==}
    dependencies:
      dom-serializer: 1.3.2
      domelementtype: 2.2.0
      domhandler: 4.3.0
    dev: false

  /entities/2.2.0:
    resolution: {integrity: sha512-p92if5Nz619I0w+akJrLZH0MX0Pb5DX39XOwQTtXSdQQOaYH03S1uIQp4mhOZtAXrxq4ViO67YTiLBo2638o9A==}
    dev: false

  /fs-extra/10.0.0:
    resolution: {integrity: sha512-C5owb14u9eJwizKGdchcDUQeFtlSHHthBk8pbX9Vc1PFZrLombudjDnNns88aYslCyF6IY5SUw3Roz6xShcEIQ==}
    engines: {node: '>=12'}
    dependencies:
      graceful-fs: 4.2.8
      jsonfile: 6.1.0
      universalify: 2.0.0
    dev: false

  /graceful-fs/4.2.8:
    resolution: {integrity: sha512-qkIilPUYcNhJpd33n0GBXTB1MMPp14TxEsEs0pTrsSVucApsYzW5V+Q8Qxhik6KU3evy+qkAAowTByymK0avdg==}
    dev: false

  /htmlparser2/6.1.0:
    resolution: {integrity: sha512-gyyPk6rgonLFEDGoeRgQNaEUvdJ4ktTmmUh/h2t7s+M8oPpIPxgNACWa+6ESR57kXstwqPiCut0V8NRpcwgU7A==}
    dependencies:
      domelementtype: 2.2.0
      domhandler: 4.3.0
      domutils: 2.8.0
      entities: 2.2.0
    dev: false

  /jsonfile/6.1.0:
    resolution: {integrity: sha512-5dgndWOriYSm5cnYaJNhalLNDKOqFwyDB/rr1E9ZsGciGvKPs8R2xYGCacuf3z6K1YKDz182fd+fY3cn3pMqXQ==}
    dependencies:
      universalify: 2.0.0
    optionalDependencies:
      graceful-fs: 4.2.8
    dev: false

  /nth-check/2.0.1:
    resolution: {integrity: sha512-it1vE95zF6dTT9lBsYbxvqh0Soy4SPowchj0UBGj/V6cTPnXXtQOPUbhZ6CmGzAD/rW22LQK6E96pcdJXk4A4w==}
    dependencies:
      boolbase: 1.0.0
    dev: false

  /parse5-htmlparser2-tree-adapter/6.0.1:
    resolution: {integrity: sha512-qPuWvbLgvDGilKc5BoicRovlT4MtYT6JfJyBOMDsKoiT+GiuP5qyrPCnR9HcPECIJJmZh5jRndyNThnhhb/vlA==}
    dependencies:
      parse5: 6.0.1
    dev: false

  /parse5/6.0.1:
    resolution: {integrity: sha512-Ofn/CTFzRGTTxwpNEs9PP93gXShHcTq255nzRYSKe8AkVpZY7e1fpmTfOyoIvjP5HG7Z2ZM7VS9PPhQGW2pOpw==}
    dev: false

  /tslib/2.3.1:
    resolution: {integrity: sha512-77EbyPPpMz+FRFRuAFlWMtmgUWGe9UOG2Z25NqCwiIjRhOf5iKGuzSe5P2w1laq+FkRy4p+PCuVkJSGkzTEKVw==}
    dev: false

  /universalify/2.0.0:
    resolution: {integrity: sha512-hAZsKq7Yy11Zu1DE0OzWjw7nnLZmJZYTDZZyEFHZdUhV8FkH5MCfoU1XMaxXovpyW5nq5scPqq0ZDP9Zyl04oQ==}
    engines: {node: '>= 10.0.0'}
    dev: false
